
Microsoft Visual Studio Solution File, Format Version 12.00
# Visual Studio Version 16
VisualStudioVersion = 16.0.34114.132
MinimumVisualStudioVersion = 10.0.40219.1
Project("{FAE04EC0-301F-11D3-BF4B-00C04F79EFBC}") = "Sistema-Calificaciones.DataAccess", "Sistema-Calificaciones.DataAccess\Sistema-Calificaciones.DataAccess.csproj", "{D888AA36-6008-4FA7-A809-7D0902B5B3FA}"
EndProject
Project("{FAE04EC0-301F-11D3-BF4B-00C04F79EFBC}") = "Sistema-Calificaciones.Common", "Sistema-Calificaciones.Common\Sistema-Calificaciones.Common.csproj", "{159E1E08-E814-420B-91A2-AB0B883E32F2}"
EndProject
Project("{FAE04EC0-301F-11D3-BF4B-00C04F79EFBC}") = "Sistema-Calificaciones.Entities", "Sistema-Calificaciones.Entities\Sistema-Calificaciones.Entities.csproj", "{AE1D01AE-4795-4A51-94F9-B41184F4B51E}"
EndProject
Project("{FAE04EC0-301F-11D3-BF4B-00C04F79EFBC}") = "Sistema-Calificaciones.BusinessLogic", "Sistema-Calificaciones.BusinessLogic\Sistema-Calificaciones.BusinessLogic.csproj", "{4F76E6F6-A6F0-49A1-BC15-406EE30958D8}"
EndProject
Project("{FAE04EC0-301F-11D3-BF4B-00C04F79EFBC}") = "Sistema-Calificaciones.API", "Sistema-Calificaciones.API\Sistema-Calificaciones.API.csproj", "{89077700-6595-4CB4-BB07-E3B083CE1E3A}"
EndProject
Global
	GlobalSection(SolutionConfigurationPlatforms) = preSolution
		Debug|Any CPU = Debug|Any CPU
		Release|Any CPU = Release|Any CPU
	EndGlobalSection
	GlobalSection(ProjectConfigurationPlatforms) = postSolution
		{D888AA36-6008-4FA7-A809-7D0902B5B3FA}.Debug|Any CPU.ActiveCfg = Debug|Any CPU
		{D888AA36-6008-4FA7-A809-7D0902B5B3FA}.Debug|Any CPU.Build.0 = Debug|Any CPU
		{D888AA36-6008-4FA7-A809-7D0902B5B3FA}.Release|Any CPU.ActiveCfg = Release|Any CPU
		{D888AA36-6008-4FA7-A809-7D0902B5B3FA}.Release|Any CPU.Build.0 = Release|Any CPU
		{159E1E08-E814-420B-91A2-AB0B883E32F2}.Debug|Any CPU.ActiveCfg = Debug|Any CPU
		{159E1E08-E814-420B-91A2-AB0B883E32F2}.Debug|Any CPU.Build.0 = Debug|Any CPU
		{159E1E08-E814-420B-91A2-AB0B883E32F2}.Release|Any CPU.ActiveCfg = Release|Any CPU
		{159E1E08-E814-420B-91A2-AB0B883E32F2}.Release|Any CPU.Build.0 = Release|Any CPU
		{AE1D01AE-4795-4A51-94F9-B41184F4B51E}.Debug|Any CPU.ActiveCfg = Debug|Any CPU
		{AE1D01AE-4795-4A51-94F9-B41184F4B51E}.Debug|Any CPU.Build.0 = Debug|Any CPU
		{AE1D01AE-4795-4A51-94F9-B41184F4B51E}.Release|Any CPU.ActiveCfg = Release|Any CPU
		{AE1D01AE-4795-4A51-94F9-B41184F4B51E}.Release|Any CPU.Build.0 = Release|Any CPU
		{4F76E6F6-A6F0-49A1-BC15-406EE30958D8}.Debug|Any CPU.ActiveCfg = Debug|Any CPU
		{4F76E6F6-A6F0-49A1-BC15-406EE30958D8}.Debug|Any CPU.Build.0 = Debug|Any CPU
		{4F76E6F6-A6F0-49A1-BC15-406EE30958D8}.Release|Any CPU.ActiveCfg = Release|Any CPU
		{4F76E6F6-A6F0-49A1-BC15-406EE30958D8}.Release|Any CPU.Build.0 = Release|Any CPU
		{89077700-6595-4CB4-BB07-E3B083CE1E3A}.Debug|Any CPU.ActiveCfg = Debug|Any CPU
		{89077700-6595-4CB4-BB07-E3B083CE1E3A}.Debug|Any CPU.Build.0 = Debug|Any CPU
		{89077700-6595-4CB4-BB07-E3B083CE1E3A}.Release|Any CPU.ActiveCfg = Release|Any CPU
		{89077700-6595-4CB4-BB07-E3B083CE1E3A}.Release|Any CPU.Build.0 = Release|Any CPU
	EndGlobalSection
	GlobalSection(SolutionProperties) = preSolution
		HideSolutionNode = FALSE
	EndGlobalSection
	GlobalSection(ExtensibilityGlobals) = postSolution
		SolutionGuid = {40D24C68-EDDA-4EAC-B823-2E4AFD0088D2}
	EndGlobalSection
EndGlobal
